// !$*UTF8*$!
{
	archiveVersion = 1;
	classes = {
	};
	objectVersion = 77;
	objects = {

/* Begin PBXBuildFile section */
		AA000001AAAA000000000001 /* Assets.xcassets in Resources */ = {isa = PBXBuildFile; fileRef = AA000002AAAA000000000001 /* Assets.xcassets */; };
		AA000001AAAA000000000002 /* motu-avatar.jpg in Resources */ = {isa = PBXBuildFile; fileRef = AA000002AAAA000000000002 /* motu-avatar.jpg */; };
		AA000001AAAA000000000003 /* motu-avatar.png in Resources */ = {isa = PBXBuildFile; fileRef = AA000002AAAA000000000003 /* motu-avatar.png */; };
		2526D823F0C638BE6CAC5B8C /* EyeMotionModel.swift in Sources */ = {isa = PBXBuildFile; fileRef = A8F3D729BB7D2E81140D70DB /* EyeMotionModel.swift */; };
		62CC2EE2BA385C7064B2BC03 /* AEyeApp.swift in Sources */ = {isa = PBXBuildFile; fileRef = 7534A2943F0170DE9C910BF4 /* AEyeApp.swift */; };
		FC67643D7A9E5EA24DB6E25B /* EyeView.swift in Sources */ = {isa = PBXBuildFile; fileRef = FAB6AF06BF50A5C2FE41ABF2 /* EyeView.swift */; };
/* End PBXBuildFile section */

/* Begin PBXFileReference section */
		215EAE1616C36252A0A76654 /* AEye.app */ = {isa = PBXFileReference; includeInIndex = 0; lastKnownFileType = wrapper.application; path = AEye.app; sourceTree = BUILT_PRODUCTS_DIR; };
		356D06C85736E93D9EEEF72C /* Info.plist */ = {isa = PBXFileReference; lastKnownFileType = text.plist; path = Info.plist; sourceTree = "<group>"; };
		7534A2943F0170DE9C910BF4 /* AEyeApp.swift */ = {isa = PBXFileReference; lastKnownFileType = sourcecode.swift; path = AEyeApp.swift; sourceTree = "<group>"; };
		A8F3D729BB7D2E81140D70DB /* EyeMotionModel.swift */ = {isa = PBXFileReference; lastKnownFileType = sourcecode.swift; path = EyeMotionModel.swift; sourceTree = "<group>"; };
		AA000002AAAA000000000001 /* Assets.xcassets */ = {isa = PBXFileReference; lastKnownFileType = folder.assetcatalog; path = Assets.xcassets; sourceTree = "<group>"; };
		AA000002AAAA000000000002 /* motu-avatar.jpg */ = {isa = PBXFileReference; lastKnownFileType = image.jpeg; path = "motu-avatar.jpg"; sourceTree = "<group>"; };
		AA000002AAAA000000000003 /* motu-avatar.png */ = {isa = PBXFileReference; lastKnownFileType = image.png; path = "motu-avatar.png"; sourceTree = "<group>"; };
		FAB6AF06BF50A5C2FE41ABF2 /* EyeView.swift */ = {isa = PBXFileReference; lastKnownFileType = sourcecode.swift; path = EyeView.swift; sourceTree = "<group>"; };
/* End PBXFileReference section */

/* Begin PBXGroup section */
		8402EAB1AD4BF02275E68CC1 /* App */ = {
			isa = PBXGroup;
			children = (
				7534A2943F0170DE9C910BF4 /* AEyeApp.swift */,
				A8F3D729BB7D2E81140D70DB /* EyeMotionModel.swift */,
				FAB6AF06BF50A5C2FE41ABF2 /* EyeView.swift */,
				356D06C85736E93D9EEEF72C /* Info.plist */,
			);
			path = App;
			sourceTree = "<group>";
		};
		AA000003AAAA000000000001 /* Resources */ = {
			isa = PBXGroup;
			children = (
				AA000002AAAA000000000001 /* Assets.xcassets */,
				AA000002AAAA000000000002 /* motu-avatar.jpg */,
				AA000002AAAA000000000003 /* motu-avatar.png */,
			);
			path = Resources;
			sourceTree = "<group>";
		};
		927079A47BC2FEC754C174C5 /* Products */ = {
			isa = PBXGroup;
			children = (
				215EAE1616C36252A0A76654 /* AEye.app */,
			);
			name = Products;
			sourceTree = "<group>";
		};
		FF288559851D15C83783BB6B = {
			isa = PBXGroup;
			children = (
				AA000003AAAA000000000001 /* Resources */,
				8402EAB1AD4BF02275E68CC1 /* App */,
				927079A47BC2FEC754C174C5 /* Products */,
			);
			sourceTree = "<group>";
		};
/* End PBXGroup section */

/* Begin PBXNativeTarget section */
		938A89439104B50094DCA258 /* AEye */ = {
			isa = PBXNativeTarget;
			buildConfigurationList = 1AF1E021881A77D997EA65D8 /* Build configuration list for PBXNativeTarget "AEye" */;
			buildPhases = (
				E0B02B0EFE5E7B18319E438C /* Sources */,
				400BA24416DFBE1BDBCFCB1C /* Resources */,
			);
			buildRules = (
			);
			dependencies = (
			);
			name = AEye;
			packageProductDependencies = (
			);
			productName = AEye;
			productReference = 215EAE1616C36252A0A76654 /* AEye.app */;
			productType = "com.apple.product-type.application";
		};
/* End PBXNativeTarget section */

/* Begin PBXProject section */
		C49D7FFA6BB3B0180E78DC85 /* Project object */ = {
			isa = PBXProject;
			attributes = {
				BuildIndependentTargetsInParallel = YES;
				LastUpgradeCheck = 1430;
				TargetAttributes = {
				};
			};
			buildConfigurationList = 28420D310B4FA133778DE653 /* Build configuration list for PBXProject "AEye" */;
			developmentRegion = en;
			hasScannedForEncodings = 0;
			knownRegions = (
				Base,
				en,
			);
			mainGroup = FF288559851D15C83783BB6B;
			minimizedProjectReferenceProxies = 1;
			preferredProjectObjectVersion = 77;
			productRefGroup = 927079A47BC2FEC754C174C5 /* Products */;
			projectDirPath = "";
			projectRoot = "";
			targets = (
				938A89439104B50094DCA258 /* AEye */,
			);
		};
/* End PBXProject section */

/* Begin PBXResourcesBuildPhase section */
		400BA24416DFBE1BDBCFCB1C /* Resources */ = {
			isa = PBXResourcesBuildPhase;
			buildActionMask = 2147483647;
			files = (
				AA000001AAAA000000000001 /* Assets.xcassets in Resources */,
				AA000001AAAA000000000002 /* motu-avatar.jpg in Resources */,
				AA000001AAAA000000000003 /* motu-avatar.png in Resources */,
			);
			runOnlyForDeploymentPostprocessing = 0;
		};
/* End PBXResourcesBuildPhase section */

/* Begin PBXSourcesBuildPhase section */
		E0B02B0EFE5E7B18319E438C /* Sources */ = {
			isa = PBXSourcesBuildPhase;
			buildActionMask = 2147483647;
			files = (
				62CC2EE2BA385C7064B2BC03 /* AEyeApp.swift in Sources */,
				2526D823F0C638BE6CAC5B8C /* EyeMotionModel.swift in Sources */,
				FC67643D7A9E5EA24DB6E25B /* EyeView.swift in Sources */,
			);
			runOnlyForDeploymentPostprocessing = 0;
		};
/* End PBXSourcesBuildPhase section */

/* Begin XCBuildConfiguration section */
		00A560654825EAB02ED33F9E /* Debug */ = {
			isa = XCBuildConfiguration;
			buildSettings = {
				ASSETCATALOG_COMPILER_APPICON_NAME = AppIcon;
				CODE_SIGN_IDENTITY = "iPhone Developer";
				GENERATE_INFOPLIST_FILE = NO;
				INFOPLIST_FILE = App/Info.plist;
				LD_RUNPATH_SEARCH_PATHS = (
					"$(inherited)",
					"@executable_path/Frameworks",
				);
				PRODUCT_BUNDLE_IDENTIFIER = ai.openclaw.aeye;
				SDKROOT = iphoneos;
				TARGETED_DEVICE_FAMILY = "1,2";
			};
			name = Debug;
		};
		4DD8FBF23CB044EEBA12C27A /* Debug */ = {
			isa = XCBuildConfiguration;
			buildSettings = {
				ALWAYS_SEARCH_USER_PATHS = NO;
				CLANG_ANALYZER_NONNULL = YES;
				CLANG_ANALYZER_NUMBER_OBJECT_CONVERSION = YES_AGGRESSIVE;
				CLANG_CXX_LANGUAGE_STANDARD = "gnu++14";
				CLANG_CXX_LIBRARY = "libc++";
				CLANG_ENABLE_MODULES = YES;
				CLANG_ENABLE_OBJC_ARC = YES;
				CLANG_ENABLE_OBJC_WEAK = YES;
				CLANG_WARN_BLOCK_CAPTURE_AUTORELEASING = YES;
				CLANG_WARN_BOOL_CONVERSION = YES;
				CLANG_WARN_COMMA = YES;
				CLANG_WARN_CONSTANT_CONVERSION = YES;
				CLANG_WARN_DEPRECATED_OBJC_IMPLEMENTATIONS = YES;
				CLANG_WARN_DIRECT_OBJC_ISA_USAGE = YES_ERROR;
				CLANG_WARN_DOCUMENTATION_COMMENTS = YES;
				CLANG_WARN_EMPTY_BODY = YES;
				CLANG_WARN_ENUM_CONVERSION = YES;
				CLANG_WARN_INFINITE_RECURSION = YES;
				CLANG_WARN_INT_CONVERSION = YES;
				CLANG_WARN_NON_LITERAL_NULL_CONVERSION = YES;
				CLANG_WARN_OBJC_IMPLICIT_RETAIN_SELF = YES;
				CLANG_WARN_OBJC_LITERAL_CONVERSION = YES;
				CLANG_WARN_OBJC_ROOT_CLASS = YES_ERROR;
				CLANG_WARN_QUOTED_INCLUDE_IN_FRAMEWORK_HEADER = YES;
				CLANG_WARN_RANGE_LOOP_ANALYSIS = YES;
				CLANG_WARN_STRICT_PROTOTYPES = YES;
				CLANG_WARN_SUSPICIOUS_MOVE = YES;
				CLANG_WARN_UNGUARDED_AVAILABILITY = YES_AGGRESSIVE;
				CLANG_WARN_UNREACHABLE_CODE = YES;
				CLANG_WARN__DUPLICATE_METHOD_MATCH = YES;
				COPY_PHASE_STRIP = NO;
				DEBUG_INFORMATION_FORMAT = dwarf;
				ENABLE_STRICT_OBJC_MSGSEND = YES;
				ENABLE_TESTABILITY = YES;
				GCC_C_LANGUAGE_STANDARD = gnu11;
				GCC_DYNAMIC_NO_PIC = NO;
				GCC_NO_COMMON_BLOCKS = YES;
				GCC_OPTIMIZATION_LEVEL = 0;
				GCC_PREPROCESSOR_DEFINITIONS = (
					"$(inherited)",
					"DEBUG=1",
				);
				GCC_WARN_64_TO_32_BIT_CONVERSION = YES;
				GCC_WARN_ABOUT_RETURN_TYPE = YES_ERROR;
				GCC_WARN_UNDECLARED_SELECTOR = YES;
				GCC_WARN_UNINITIALIZED_AUTOS = YES_AGGRESSIVE;
				GCC_WARN_UNUSED_FUNCTION = YES;
				GCC_WARN_UNUSED_VARIABLE = YES;
				IPHONEOS_DEPLOYMENT_TARGET = 17.0;
				MTL_ENABLE_DEBUG_INFO = INCLUDE_SOURCE;
				MTL_FAST_MATH = YES;
				ONLY_ACTIVE_ARCH = YES;
				PRODUCT_NAME = "$(TARGET_NAME)";
				SDKROOT = iphoneos;
				SWIFT_ACTIVE_COMPILATION_CONDITIONS = DEBUG;
				SWIFT_OPTIMIZATION_LEVEL = "-Onone";
				SWIFT_VERSION = 5.0;
			};
			name = Debug;
		};
		70061A044B98E39D5424F225 /* Release */ = {
			isa = XCBuildConfiguration;
			buildSettings = {
				ASSETCATALOG_COMPILER_APPICON_NAME = AppIcon;
				CODE_SIGN_IDENTITY = "iPhone Developer";
				GENERATE_INFOPLIST_FILE = NO;
				INFOPLIST_FILE = App/Info.plist;
				LD_RUNPATH_SEARCH_PATHS = (
					"$(inherited)",
					"@executable_path/Frameworks",
				);
				PRODUCT_BUNDLE_IDENTIFIER = ai.openclaw.aeye;
				SDKROOT = iphoneos;
				TARGETED_DEVICE_FAMILY = "1,2";
			};
			name = Release;
		};
		EB93F4CB001E31BDD1794A01 /* Release */ = {
			isa = XCBuildConfiguration;
			buildSettings = {
				ALWAYS_SEARCH_USER_PATHS = NO;
				CLANG_ANALYZER_NONNULL = YES;
				CLANG_ANALYZER_NUMBER_OBJECT_CONVERSION = YES_AGGRESSIVE;
				CLANG_CXX_LANGUAGE_STANDARD = "gnu++14";
				CLANG_CXX_LIBRARY = "libc++";
				CLANG_ENABLE_MODULES = YES;
				CLANG_ENABLE_OBJC_ARC = YES;
				CLANG_ENABLE_OBJC_WEAK = YES;
				CLANG_WARN_BLOCK_CAPTURE_AUTORELEASING = YES;
				CLANG_WARN_BOOL_CONVERSION = YES;
				CLANG_WARN_COMMA = YES;
				CLANG_WARN_CONSTANT_CONVERSION = YES;
				CLANG_WARN_DEPRECATED_OBJC_IMPLEMENTATIONS = YES;
				CLANG_WARN_DIRECT_OBJC_ISA_USAGE = YES_ERROR;
				CLANG_WARN_DOCUMENTATION_COMMENTS = YES;
				CLANG_WARN_EMPTY_BODY = YES;
				CLANG_WARN_ENUM_CONVERSION = YES;
				CLANG_WARN_INFINITE_RECURSION = YES;
				CLANG_WARN_INT_CONVERSION = YES;
				CLANG_WARN_NON_LITERAL_NULL_CONVERSION = YES;
				CLANG_WARN_OBJC_IMPLICIT_RETAIN_SELF = YES;
				CLANG_WARN_OBJC_LITERAL_CONVERSION = YES;
				CLANG_WARN_OBJC_ROOT_CLASS = YES_ERROR;
				CLANG_WARN_QUOTED_INCLUDE_IN_FRAMEWORK_HEADER = YES;
				CLANG_WARN_RANGE_LOOP_ANALYSIS = YES;
				CLANG_WARN_STRICT_PROTOTYPES = YES;
				CLANG_WARN_SUSPICIOUS_MOVE = YES;
				CLANG_WARN_UNGUARDED_AVAILABILITY = YES_AGGRESSIVE;
				CLANG_WARN_UNREACHABLE_CODE = YES;
				CLANG_WARN__DUPLICATE_METHOD_MATCH = YES;
				COPY_PHASE_STRIP = NO;
				DEBUG_INFORMATION_FORMAT = "dwarf-with-dsym";
				ENABLE_NS_ASSERTIONS = NO;
				ENABLE_STRICT_OBJC_MSGSEND = YES;
				GCC_C_LANGUAGE_STANDARD = gnu11;
				GCC_NO_COMMON_BLOCKS = YES;
				GCC_WARN_64_TO_32_BIT_CONVERSION = YES;
				GCC_WARN_ABOUT_RETURN_TYPE = YES_ERROR;
				GCC_WARN_UNDECLARED_SELECTOR = YES;
				GCC_WARN_UNINITIALIZED_AUTOS = YES_AGGRESSIVE;
				GCC_WARN_UNUSED_FUNCTION = YES;
				GCC_WARN_UNUSED_VARIABLE = YES;
				IPHONEOS_DEPLOYMENT_TARGET = 17.0;
				MTL_ENABLE_DEBUG_INFO = NO;
				MTL_FAST_MATH = YES;
				PRODUCT_NAME = "$(TARGET_NAME)";
				SDKROOT = iphoneos;
				SWIFT_COMPILATION_MODE = wholemodule;
				SWIFT_OPTIMIZATION_LEVEL = "-O";
				SWIFT_VERSION = 5.0;
			};
			name = Release;
		};
/* End XCBuildConfiguration section */

/* Begin XCConfigurationList section */
		1AF1E021881A77D997EA65D8 /* Build configuration list for PBXNativeTarget "AEye" */ = {
			isa = XCConfigurationList;
			buildConfigurations = (
				00A560654825EAB02ED33F9E /* Debug */,
				70061A044B98E39D5424F225 /* Release */,
			);
			defaultConfigurationIsVisible = 0;
			defaultConfigurationName = Debug;
		};
		28420D310B4FA133778DE653 /* Build configuration list for PBXProject "AEye" */ = {
			isa = XCConfigurationList;
			buildConfigurations = (
				4DD8FBF23CB044EEBA12C27A /* Debug */,
				EB93F4CB001E31BDD1794A01 /* Release */,
			);
			defaultConfigurationIsVisible = 0;
			defaultConfigurationName = Debug;
		};
/* End XCConfigurationList section */
	};
	rootObject = C49D7FFA6BB3B0180E78DC85 /* Project object */;
}
